
Microsoft Visual Studio Solution File, Format Version 12.00
# Visual Studio Version 16
VisualStudioVersion = 16.0.29306.81
MinimumVisualStudioVersion = 10.0.40219.1
Project("{8BC9CEB8-8B4A-11D0-8D11-00A0C91BC942}") = "TriangleVK", "TriangleVK\TriangleVK.vcxproj", "{61FF54DD-E9CB-43C2-BF2C-69E33A1506C4}"
EndProject
Project("{8BC9CEB8-8B4A-11D0-8D11-00A0C91BC942}") = "ClearDX", "ClearDX\ClearDX.vcxproj", "{DB04C373-1467-4305-A931-3608F5E1EEBA}"
EndProject
Project("{8BC9CEB8-8B4A-11D0-8D11-00A0C91BC942}") = "ClearVK", "ClearVK\ClearVK.vcxproj", "{EF6BF93C-106C-40C9-AFAD-2B18070DDD75}"
EndProject
Project("{8BC9CEB8-8B4A-11D0-8D11-00A0C91BC942}") = "TriangleDX", "TriangleDX\TriangleDX.vcxproj", "{C91E0D1C-4D58-48BC-92B0-4DA18D85077D}"
EndProject
Project("{8BC9CEB8-8B4A-11D0-8D11-00A0C91BC942}") = "ParametricSurfaceDX", "ParametricSurfaceDX\ParametricSurfaceDX.vcxproj", "{0EEB4185-17EC-4A6F-890D-691B47D19A51}"
EndProject
Project("{8BC9CEB8-8B4A-11D0-8D11-00A0C91BC942}") = "ParametricSurfaceVK", "ParametricSurfaceVK\ParametricSurfaceVK.vcxproj", "{43C28618-8BAE-4DC1-BAD5-7FA63D20899A}"
EndProject
Project("{8BC9CEB8-8B4A-11D0-8D11-00A0C91BC942}") = "ComputeDX", "ComputeDX\ComputeDX.vcxproj", "{10DD8742-8F91-42F2-8700-CC8495C4D317}"
EndProject
Project("{8BC9CEB8-8B4A-11D0-8D11-00A0C91BC942}") = "ComputeVK", "ComputeVK\ComputeVK.vcxproj", "{C64B7326-A6B4-4B06-B726-9DF1DC56C5F5}"
EndProject
Project("{8BC9CEB8-8B4A-11D0-8D11-00A0C91BC942}") = "FullscreenVK", "FullscreenVK\FullscreenVK.vcxproj", "{3F79060D-E2B9-45B8-AAAF-163077848D83}"
EndProject
Project("{8BC9CEB8-8B4A-11D0-8D11-00A0C91BC942}") = "FullscreenDX", "FullscreenDX\FullscreenDX.vcxproj", "{3EAEAEB3-8645-4923-9EFF-82C00B4BE89F}"
EndProject
Project("{8BC9CEB8-8B4A-11D0-8D11-00A0C91BC942}") = "TextureDX", "TextureDX\TextureDX.vcxproj", "{3286F9A6-5581-44DB-A5B5-845510A73443}"
EndProject
Project("{8BC9CEB8-8B4A-11D0-8D11-00A0C91BC942}") = "TextureVK", "TextureVK\TextureVK.vcxproj", "{0748F07C-5954-4883-B0EC-0F7BD43E2F67}"
EndProject
Project("{8BC9CEB8-8B4A-11D0-8D11-00A0C91BC942}") = "BillboardDX", "BillboardDX\BillboardDX.vcxproj", "{984FCBD2-75FC-45C8-BB9F-52A3855A1D29}"
EndProject
Project("{8BC9CEB8-8B4A-11D0-8D11-00A0C91BC942}") = "BillboardVK", "BillboardVK\BillboardVK.vcxproj", "{69AF8FCC-914E-402F-A20E-73B57D9FE8AA}"
EndProject
Project("{8BC9CEB8-8B4A-11D0-8D11-00A0C91BC942}") = "FlatDX", "FlatDX\FlatDX.vcxproj", "{2E52359F-4B15-41FE-9EB3-41A183FD6962}"
EndProject
Project("{8BC9CEB8-8B4A-11D0-8D11-00A0C91BC942}") = "FlatVK", "FlatVK\FlatVK.vcxproj", "{F8C61BEF-CA97-4F37-925F-805A2F02DF0D}"
EndProject
Project("{8BC9CEB8-8B4A-11D0-8D11-00A0C91BC942}") = "NormalMapDX", "NormalMapDX\NormalMapDX.vcxproj", "{102C86B4-5D69-4981-9B62-7F69632563E6}"
EndProject
Project("{8BC9CEB8-8B4A-11D0-8D11-00A0C91BC942}") = "NormalMapVK", "NormalMapVK\NormalMapVK.vcxproj", "{51AB3012-9BD2-479C-897D-2C8393959EAA}"
EndProject
Project("{8BC9CEB8-8B4A-11D0-8D11-00A0C91BC942}") = "ToonDX", "ToonDX\ToonDX.vcxproj", "{3467DD21-A3D9-450C-8881-A659652A0ADD}"
EndProject
Project("{8BC9CEB8-8B4A-11D0-8D11-00A0C91BC942}") = "ToonVK", "ToonVK\ToonVK.vcxproj", "{BCDEE905-F4BE-43DD-A0B1-3180592CBE50}"
EndProject
Project("{8BC9CEB8-8B4A-11D0-8D11-00A0C91BC942}") = "InstancingDX", "InstancingDX\InstancingDX.vcxproj", "{2A41CA06-2927-45F1-AC24-5AB84611CBB7}"
EndProject
Project("{8BC9CEB8-8B4A-11D0-8D11-00A0C91BC942}") = "InstancingVK", "InstancingVK\InstancingVK.vcxproj", "{EB4B30E5-64F4-4B41-9D6B-0BECBF6950D6}"
EndProject
Project("{8BC9CEB8-8B4A-11D0-8D11-00A0C91BC942}") = "RenderTargetDX", "RenderTargetDX\RenderTargetDX.vcxproj", "{8DB0EE37-3186-4EC9-AEFF-4F098536952C}"
EndProject
Project("{8BC9CEB8-8B4A-11D0-8D11-00A0C91BC942}") = "RenderTargetVK", "RenderTargetVK\RenderTargetVK.vcxproj", "{54F83F37-548D-4DE1-9AEE-D0A2B550DACE}"
EndProject
Project("{8BC9CEB8-8B4A-11D0-8D11-00A0C91BC942}") = "GltfDX", "GltfDX\GltfDX.vcxproj", "{475711A0-C770-4AD1-9794-73EA3C2E4284}"
EndProject
Project("{8BC9CEB8-8B4A-11D0-8D11-00A0C91BC942}") = "GltfVK", "GltfVK\GltfVK.vcxproj", "{120A1388-8C5F-4C6B-912B-22316B78B509}"
EndProject
Project("{8BC9CEB8-8B4A-11D0-8D11-00A0C91BC942}") = "DisplacementDX", "DisplacementDX\DisplacementDX.vcxproj", "{7BF43234-F1F4-4E3D-A92B-EF62D59EA857}"
EndProject
Project("{8BC9CEB8-8B4A-11D0-8D11-00A0C91BC942}") = "DisplacementVK", "DisplacementVK\DisplacementVK.vcxproj", "{477D3889-A48D-4038-BBC3-8B50A9CF67AE}"
EndProject
Project("{8BC9CEB8-8B4A-11D0-8D11-00A0C91BC942}") = "GSInstancingDX", "GSInstancingDX\GSInstancingDX.vcxproj", "{E4C592EC-25D9-4E60-B9C1-BA49CCC1ACAD}"
EndProject
Project("{8BC9CEB8-8B4A-11D0-8D11-00A0C91BC942}") = "GSInstancingVK", "GSInstancingVK\GSInstancingVK.vcxproj", "{2D4E4DED-27E4-4CD4-BC5C-FC0CF6823BAD}"
EndProject
Global
	GlobalSection(SolutionConfigurationPlatforms) = preSolution
		Debug|x64 = Debug|x64
		Debug|x86 = Debug|x86
		Release|x64 = Release|x64
		Release|x86 = Release|x86
	EndGlobalSection
	GlobalSection(ProjectConfigurationPlatforms) = postSolution
		{61FF54DD-E9CB-43C2-BF2C-69E33A1506C4}.Debug|x64.ActiveCfg = Debug|x64
		{61FF54DD-E9CB-43C2-BF2C-69E33A1506C4}.Debug|x64.Build.0 = Debug|x64
		{61FF54DD-E9CB-43C2-BF2C-69E33A1506C4}.Debug|x86.ActiveCfg = Debug|Win32
		{61FF54DD-E9CB-43C2-BF2C-69E33A1506C4}.Debug|x86.Build.0 = Debug|Win32
		{61FF54DD-E9CB-43C2-BF2C-69E33A1506C4}.Release|x64.ActiveCfg = Release|x64
		{61FF54DD-E9CB-43C2-BF2C-69E33A1506C4}.Release|x64.Build.0 = Release|x64
		{61FF54DD-E9CB-43C2-BF2C-69E33A1506C4}.Release|x86.ActiveCfg = Release|Win32
		{61FF54DD-E9CB-43C2-BF2C-69E33A1506C4}.Release|x86.Build.0 = Release|Win32
		{DB04C373-1467-4305-A931-3608F5E1EEBA}.Debug|x64.ActiveCfg = Debug|x64
		{DB04C373-1467-4305-A931-3608F5E1EEBA}.Debug|x64.Build.0 = Debug|x64
		{DB04C373-1467-4305-A931-3608F5E1EEBA}.Debug|x86.ActiveCfg = Debug|Win32
		{DB04C373-1467-4305-A931-3608F5E1EEBA}.Debug|x86.Build.0 = Debug|Win32
		{DB04C373-1467-4305-A931-3608F5E1EEBA}.Release|x64.ActiveCfg = Release|x64
		{DB04C373-1467-4305-A931-3608F5E1EEBA}.Release|x64.Build.0 = Release|x64
		{DB04C373-1467-4305-A931-3608F5E1EEBA}.Release|x86.ActiveCfg = Release|Win32
		{DB04C373-1467-4305-A931-3608F5E1EEBA}.Release|x86.Build.0 = Release|Win32
		{EF6BF93C-106C-40C9-AFAD-2B18070DDD75}.Debug|x64.ActiveCfg = Debug|x64
		{EF6BF93C-106C-40C9-AFAD-2B18070DDD75}.Debug|x64.Build.0 = Debug|x64
		{EF6BF93C-106C-40C9-AFAD-2B18070DDD75}.Debug|x86.ActiveCfg = Debug|Win32
		{EF6BF93C-106C-40C9-AFAD-2B18070DDD75}.Debug|x86.Build.0 = Debug|Win32
		{EF6BF93C-106C-40C9-AFAD-2B18070DDD75}.Release|x64.ActiveCfg = Release|x64
		{EF6BF93C-106C-40C9-AFAD-2B18070DDD75}.Release|x64.Build.0 = Release|x64
		{EF6BF93C-106C-40C9-AFAD-2B18070DDD75}.Release|x86.ActiveCfg = Release|Win32
		{EF6BF93C-106C-40C9-AFAD-2B18070DDD75}.Release|x86.Build.0 = Release|Win32
		{C91E0D1C-4D58-48BC-92B0-4DA18D85077D}.Debug|x64.ActiveCfg = Debug|x64
		{C91E0D1C-4D58-48BC-92B0-4DA18D85077D}.Debug|x64.Build.0 = Debug|x64
		{C91E0D1C-4D58-48BC-92B0-4DA18D85077D}.Debug|x86.ActiveCfg = Debug|Win32
		{C91E0D1C-4D58-48BC-92B0-4DA18D85077D}.Debug|x86.Build.0 = Debug|Win32
		{C91E0D1C-4D58-48BC-92B0-4DA18D85077D}.Release|x64.ActiveCfg = Release|x64
		{C91E0D1C-4D58-48BC-92B0-4DA18D85077D}.Release|x64.Build.0 = Release|x64
		{C91E0D1C-4D58-48BC-92B0-4DA18D85077D}.Release|x86.ActiveCfg = Release|Win32
		{C91E0D1C-4D58-48BC-92B0-4DA18D85077D}.Release|x86.Build.0 = Release|Win32
		{0EEB4185-17EC-4A6F-890D-691B47D19A51}.Debug|x64.ActiveCfg = Debug|x64
		{0EEB4185-17EC-4A6F-890D-691B47D19A51}.Debug|x64.Build.0 = Debug|x64
		{0EEB4185-17EC-4A6F-890D-691B47D19A51}.Debug|x86.ActiveCfg = Debug|Win32
		{0EEB4185-17EC-4A6F-890D-691B47D19A51}.Debug|x86.Build.0 = Debug|Win32
		{0EEB4185-17EC-4A6F-890D-691B47D19A51}.Release|x64.ActiveCfg = Release|x64
		{0EEB4185-17EC-4A6F-890D-691B47D19A51}.Release|x64.Build.0 = Release|x64
		{0EEB4185-17EC-4A6F-890D-691B47D19A51}.Release|x86.ActiveCfg = Release|Win32
		{0EEB4185-17EC-4A6F-890D-691B47D19A51}.Release|x86.Build.0 = Release|Win32
		{43C28618-8BAE-4DC1-BAD5-7FA63D20899A}.Debug|x64.ActiveCfg = Debug|x64
		{43C28618-8BAE-4DC1-BAD5-7FA63D20899A}.Debug|x64.Build.0 = Debug|x64
		{43C28618-8BAE-4DC1-BAD5-7FA63D20899A}.Debug|x86.ActiveCfg = Debug|Win32
		{43C28618-8BAE-4DC1-BAD5-7FA63D20899A}.Debug|x86.Build.0 = Debug|Win32
		{43C28618-8BAE-4DC1-BAD5-7FA63D20899A}.Release|x64.ActiveCfg = Release|x64
		{43C28618-8BAE-4DC1-BAD5-7FA63D20899A}.Release|x64.Build.0 = Release|x64
		{43C28618-8BAE-4DC1-BAD5-7FA63D20899A}.Release|x86.ActiveCfg = Release|Win32
		{43C28618-8BAE-4DC1-BAD5-7FA63D20899A}.Release|x86.Build.0 = Release|Win32
		{10DD8742-8F91-42F2-8700-CC8495C4D317}.Debug|x64.ActiveCfg = Debug|x64
		{10DD8742-8F91-42F2-8700-CC8495C4D317}.Debug|x64.Build.0 = Debug|x64
		{10DD8742-8F91-42F2-8700-CC8495C4D317}.Debug|x86.ActiveCfg = Debug|Win32
		{10DD8742-8F91-42F2-8700-CC8495C4D317}.Debug|x86.Build.0 = Debug|Win32
		{10DD8742-8F91-42F2-8700-CC8495C4D317}.Release|x64.ActiveCfg = Release|x64
		{10DD8742-8F91-42F2-8700-CC8495C4D317}.Release|x64.Build.0 = Release|x64
		{10DD8742-8F91-42F2-8700-CC8495C4D317}.Release|x86.ActiveCfg = Release|Win32
		{10DD8742-8F91-42F2-8700-CC8495C4D317}.Release|x86.Build.0 = Release|Win32
		{C64B7326-A6B4-4B06-B726-9DF1DC56C5F5}.Debug|x64.ActiveCfg = Debug|x64
		{C64B7326-A6B4-4B06-B726-9DF1DC56C5F5}.Debug|x64.Build.0 = Debug|x64
		{C64B7326-A6B4-4B06-B726-9DF1DC56C5F5}.Debug|x86.ActiveCfg = Debug|Win32
		{C64B7326-A6B4-4B06-B726-9DF1DC56C5F5}.Debug|x86.Build.0 = Debug|Win32
		{C64B7326-A6B4-4B06-B726-9DF1DC56C5F5}.Release|x64.ActiveCfg = Release|x64
		{C64B7326-A6B4-4B06-B726-9DF1DC56C5F5}.Release|x64.Build.0 = Release|x64
		{C64B7326-A6B4-4B06-B726-9DF1DC56C5F5}.Release|x86.ActiveCfg = Release|Win32
		{C64B7326-A6B4-4B06-B726-9DF1DC56C5F5}.Release|x86.Build.0 = Release|Win32
		{3F79060D-E2B9-45B8-AAAF-163077848D83}.Debug|x64.ActiveCfg = Debug|x64
		{3F79060D-E2B9-45B8-AAAF-163077848D83}.Debug|x64.Build.0 = Debug|x64
		{3F79060D-E2B9-45B8-AAAF-163077848D83}.Debug|x86.ActiveCfg = Debug|Win32
		{3F79060D-E2B9-45B8-AAAF-163077848D83}.Debug|x86.Build.0 = Debug|Win32
		{3F79060D-E2B9-45B8-AAAF-163077848D83}.Release|x64.ActiveCfg = Release|x64
		{3F79060D-E2B9-45B8-AAAF-163077848D83}.Release|x64.Build.0 = Release|x64
		{3F79060D-E2B9-45B8-AAAF-163077848D83}.Release|x86.ActiveCfg = Release|Win32
		{3F79060D-E2B9-45B8-AAAF-163077848D83}.Release|x86.Build.0 = Release|Win32
		{3EAEAEB3-8645-4923-9EFF-82C00B4BE89F}.Debug|x64.ActiveCfg = Debug|x64
		{3EAEAEB3-8645-4923-9EFF-82C00B4BE89F}.Debug|x64.Build.0 = Debug|x64
		{3EAEAEB3-8645-4923-9EFF-82C00B4BE89F}.Debug|x86.ActiveCfg = Debug|Win32
		{3EAEAEB3-8645-4923-9EFF-82C00B4BE89F}.Debug|x86.Build.0 = Debug|Win32
		{3EAEAEB3-8645-4923-9EFF-82C00B4BE89F}.Release|x64.ActiveCfg = Release|x64
		{3EAEAEB3-8645-4923-9EFF-82C00B4BE89F}.Release|x64.Build.0 = Release|x64
		{3EAEAEB3-8645-4923-9EFF-82C00B4BE89F}.Release|x86.ActiveCfg = Release|Win32
		{3EAEAEB3-8645-4923-9EFF-82C00B4BE89F}.Release|x86.Build.0 = Release|Win32
		{3286F9A6-5581-44DB-A5B5-845510A73443}.Debug|x64.ActiveCfg = Debug|x64
		{3286F9A6-5581-44DB-A5B5-845510A73443}.Debug|x64.Build.0 = Debug|x64
		{3286F9A6-5581-44DB-A5B5-845510A73443}.Debug|x86.ActiveCfg = Debug|Win32
		{3286F9A6-5581-44DB-A5B5-845510A73443}.Debug|x86.Build.0 = Debug|Win32
		{3286F9A6-5581-44DB-A5B5-845510A73443}.Release|x64.ActiveCfg = Release|x64
		{3286F9A6-5581-44DB-A5B5-845510A73443}.Release|x64.Build.0 = Release|x64
		{3286F9A6-5581-44DB-A5B5-845510A73443}.Release|x86.ActiveCfg = Release|Win32
		{3286F9A6-5581-44DB-A5B5-845510A73443}.Release|x86.Build.0 = Release|Win32
		{0748F07C-5954-4883-B0EC-0F7BD43E2F67}.Debug|x64.ActiveCfg = Debug|x64
		{0748F07C-5954-4883-B0EC-0F7BD43E2F67}.Debug|x64.Build.0 = Debug|x64
		{0748F07C-5954-4883-B0EC-0F7BD43E2F67}.Debug|x86.ActiveCfg = Debug|Win32
		{0748F07C-5954-4883-B0EC-0F7BD43E2F67}.Debug|x86.Build.0 = Debug|Win32
		{0748F07C-5954-4883-B0EC-0F7BD43E2F67}.Release|x64.ActiveCfg = Release|x64
		{0748F07C-5954-4883-B0EC-0F7BD43E2F67}.Release|x64.Build.0 = Release|x64
		{0748F07C-5954-4883-B0EC-0F7BD43E2F67}.Release|x86.ActiveCfg = Release|Win32
		{0748F07C-5954-4883-B0EC-0F7BD43E2F67}.Release|x86.Build.0 = Release|Win32
		{984FCBD2-75FC-45C8-BB9F-52A3855A1D29}.Debug|x64.ActiveCfg = Debug|x64
		{984FCBD2-75FC-45C8-BB9F-52A3855A1D29}.Debug|x64.Build.0 = Debug|x64
		{984FCBD2-75FC-45C8-BB9F-52A3855A1D29}.Debug|x86.ActiveCfg = Debug|Win32
		{984FCBD2-75FC-45C8-BB9F-52A3855A1D29}.Debug|x86.Build.0 = Debug|Win32
		{984FCBD2-75FC-45C8-BB9F-52A3855A1D29}.Release|x64.ActiveCfg = Release|x64
		{984FCBD2-75FC-45C8-BB9F-52A3855A1D29}.Release|x64.Build.0 = Release|x64
		{984FCBD2-75FC-45C8-BB9F-52A3855A1D29}.Release|x86.ActiveCfg = Release|Win32
		{984FCBD2-75FC-45C8-BB9F-52A3855A1D29}.Release|x86.Build.0 = Release|Win32
		{69AF8FCC-914E-402F-A20E-73B57D9FE8AA}.Debug|x64.ActiveCfg = Debug|x64
		{69AF8FCC-914E-402F-A20E-73B57D9FE8AA}.Debug|x64.Build.0 = Debug|x64
		{69AF8FCC-914E-402F-A20E-73B57D9FE8AA}.Debug|x86.ActiveCfg = Debug|Win32
		{69AF8FCC-914E-402F-A20E-73B57D9FE8AA}.Debug|x86.Build.0 = Debug|Win32
		{69AF8FCC-914E-402F-A20E-73B57D9FE8AA}.Release|x64.ActiveCfg = Release|x64
		{69AF8FCC-914E-402F-A20E-73B57D9FE8AA}.Release|x64.Build.0 = Release|x64
		{69AF8FCC-914E-402F-A20E-73B57D9FE8AA}.Release|x86.ActiveCfg = Release|Win32
		{69AF8FCC-914E-402F-A20E-73B57D9FE8AA}.Release|x86.Build.0 = Release|Win32
		{2E52359F-4B15-41FE-9EB3-41A183FD6962}.Debug|x64.ActiveCfg = Debug|x64
		{2E52359F-4B15-41FE-9EB3-41A183FD6962}.Debug|x64.Build.0 = Debug|x64
		{2E52359F-4B15-41FE-9EB3-41A183FD6962}.Debug|x86.ActiveCfg = Debug|Win32
		{2E52359F-4B15-41FE-9EB3-41A183FD6962}.Debug|x86.Build.0 = Debug|Win32
		{2E52359F-4B15-41FE-9EB3-41A183FD6962}.Release|x64.ActiveCfg = Release|x64
		{2E52359F-4B15-41FE-9EB3-41A183FD6962}.Release|x64.Build.0 = Release|x64
		{2E52359F-4B15-41FE-9EB3-41A183FD6962}.Release|x86.ActiveCfg = Release|Win32
		{2E52359F-4B15-41FE-9EB3-41A183FD6962}.Release|x86.Build.0 = Release|Win32
		{F8C61BEF-CA97-4F37-925F-805A2F02DF0D}.Debug|x64.ActiveCfg = Debug|x64
		{F8C61BEF-CA97-4F37-925F-805A2F02DF0D}.Debug|x64.Build.0 = Debug|x64
		{F8C61BEF-CA97-4F37-925F-805A2F02DF0D}.Debug|x86.ActiveCfg = Debug|Win32
		{F8C61BEF-CA97-4F37-925F-805A2F02DF0D}.Debug|x86.Build.0 = Debug|Win32
		{F8C61BEF-CA97-4F37-925F-805A2F02DF0D}.Release|x64.ActiveCfg = Release|x64
		{F8C61BEF-CA97-4F37-925F-805A2F02DF0D}.Release|x64.Build.0 = Release|x64
		{F8C61BEF-CA97-4F37-925F-805A2F02DF0D}.Release|x86.ActiveCfg = Release|Win32
		{F8C61BEF-CA97-4F37-925F-805A2F02DF0D}.Release|x86.Build.0 = Release|Win32
		{102C86B4-5D69-4981-9B62-7F69632563E6}.Debug|x64.ActiveCfg = Debug|x64
		{102C86B4-5D69-4981-9B62-7F69632563E6}.Debug|x64.Build.0 = Debug|x64
		{102C86B4-5D69-4981-9B62-7F69632563E6}.Debug|x86.ActiveCfg = Debug|Win32
		{102C86B4-5D69-4981-9B62-7F69632563E6}.Debug|x86.Build.0 = Debug|Win32
		{102C86B4-5D69-4981-9B62-7F69632563E6}.Release|x64.ActiveCfg = Release|x64
		{102C86B4-5D69-4981-9B62-7F69632563E6}.Release|x64.Build.0 = Release|x64
		{102C86B4-5D69-4981-9B62-7F69632563E6}.Release|x86.ActiveCfg = Release|Win32
		{102C86B4-5D69-4981-9B62-7F69632563E6}.Release|x86.Build.0 = Release|Win32
		{51AB3012-9BD2-479C-897D-2C8393959EAA}.Debug|x64.ActiveCfg = Debug|x64
		{51AB3012-9BD2-479C-897D-2C8393959EAA}.Debug|x64.Build.0 = Debug|x64
		{51AB3012-9BD2-479C-897D-2C8393959EAA}.Debug|x86.ActiveCfg = Debug|Win32
		{51AB3012-9BD2-479C-897D-2C8393959EAA}.Debug|x86.Build.0 = Debug|Win32
		{51AB3012-9BD2-479C-897D-2C8393959EAA}.Release|x64.ActiveCfg = Release|x64
		{51AB3012-9BD2-479C-897D-2C8393959EAA}.Release|x64.Build.0 = Release|x64
		{51AB3012-9BD2-479C-897D-2C8393959EAA}.Release|x86.ActiveCfg = Release|Win32
		{51AB3012-9BD2-479C-897D-2C8393959EAA}.Release|x86.Build.0 = Release|Win32
		{3467DD21-A3D9-450C-8881-A659652A0ADD}.Debug|x64.ActiveCfg = Debug|x64
		{3467DD21-A3D9-450C-8881-A659652A0ADD}.Debug|x64.Build.0 = Debug|x64
		{3467DD21-A3D9-450C-8881-A659652A0ADD}.Debug|x86.ActiveCfg = Debug|Win32
		{3467DD21-A3D9-450C-8881-A659652A0ADD}.Debug|x86.Build.0 = Debug|Win32
		{3467DD21-A3D9-450C-8881-A659652A0ADD}.Release|x64.ActiveCfg = Release|x64
		{3467DD21-A3D9-450C-8881-A659652A0ADD}.Release|x64.Build.0 = Release|x64
		{3467DD21-A3D9-450C-8881-A659652A0ADD}.Release|x86.ActiveCfg = Release|Win32
		{3467DD21-A3D9-450C-8881-A659652A0ADD}.Release|x86.Build.0 = Release|Win32
		{BCDEE905-F4BE-43DD-A0B1-3180592CBE50}.Debug|x64.ActiveCfg = Debug|x64
		{BCDEE905-F4BE-43DD-A0B1-3180592CBE50}.Debug|x64.Build.0 = Debug|x64
		{BCDEE905-F4BE-43DD-A0B1-3180592CBE50}.Debug|x86.ActiveCfg = Debug|Win32
		{BCDEE905-F4BE-43DD-A0B1-3180592CBE50}.Debug|x86.Build.0 = Debug|Win32
		{BCDEE905-F4BE-43DD-A0B1-3180592CBE50}.Release|x64.ActiveCfg = Release|x64
		{BCDEE905-F4BE-43DD-A0B1-3180592CBE50}.Release|x64.Build.0 = Release|x64
		{BCDEE905-F4BE-43DD-A0B1-3180592CBE50}.Release|x86.ActiveCfg = Release|Win32
		{BCDEE905-F4BE-43DD-A0B1-3180592CBE50}.Release|x86.Build.0 = Release|Win32
		{2A41CA06-2927-45F1-AC24-5AB84611CBB7}.Debug|x64.ActiveCfg = Debug|x64
		{2A41CA06-2927-45F1-AC24-5AB84611CBB7}.Debug|x64.Build.0 = Debug|x64
		{2A41CA06-2927-45F1-AC24-5AB84611CBB7}.Debug|x86.ActiveCfg = Debug|Win32
		{2A41CA06-2927-45F1-AC24-5AB84611CBB7}.Debug|x86.Build.0 = Debug|Win32
		{2A41CA06-2927-45F1-AC24-5AB84611CBB7}.Release|x64.ActiveCfg = Release|x64
		{2A41CA06-2927-45F1-AC24-5AB84611CBB7}.Release|x64.Build.0 = Release|x64
		{2A41CA06-2927-45F1-AC24-5AB84611CBB7}.Release|x86.ActiveCfg = Release|Win32
		{2A41CA06-2927-45F1-AC24-5AB84611CBB7}.Release|x86.Build.0 = Release|Win32
		{EB4B30E5-64F4-4B41-9D6B-0BECBF6950D6}.Debug|x64.ActiveCfg = Debug|x64
		{EB4B30E5-64F4-4B41-9D6B-0BECBF6950D6}.Debug|x64.Build.0 = Debug|x64
		{EB4B30E5-64F4-4B41-9D6B-0BECBF6950D6}.Debug|x86.ActiveCfg = Debug|Win32
		{EB4B30E5-64F4-4B41-9D6B-0BECBF6950D6}.Debug|x86.Build.0 = Debug|Win32
		{EB4B30E5-64F4-4B41-9D6B-0BECBF6950D6}.Release|x64.ActiveCfg = Release|x64
		{EB4B30E5-64F4-4B41-9D6B-0BECBF6950D6}.Release|x64.Build.0 = Release|x64
		{EB4B30E5-64F4-4B41-9D6B-0BECBF6950D6}.Release|x86.ActiveCfg = Release|Win32
		{EB4B30E5-64F4-4B41-9D6B-0BECBF6950D6}.Release|x86.Build.0 = Release|Win32
		{8DB0EE37-3186-4EC9-AEFF-4F098536952C}.Debug|x64.ActiveCfg = Debug|x64
		{8DB0EE37-3186-4EC9-AEFF-4F098536952C}.Debug|x64.Build.0 = Debug|x64
		{8DB0EE37-3186-4EC9-AEFF-4F098536952C}.Debug|x86.ActiveCfg = Debug|Win32
		{8DB0EE37-3186-4EC9-AEFF-4F098536952C}.Debug|x86.Build.0 = Debug|Win32
		{8DB0EE37-3186-4EC9-AEFF-4F098536952C}.Release|x64.ActiveCfg = Release|x64
		{8DB0EE37-3186-4EC9-AEFF-4F098536952C}.Release|x64.Build.0 = Release|x64
		{8DB0EE37-3186-4EC9-AEFF-4F098536952C}.Release|x86.ActiveCfg = Release|Win32
		{8DB0EE37-3186-4EC9-AEFF-4F098536952C}.Release|x86.Build.0 = Release|Win32
		{54F83F37-548D-4DE1-9AEE-D0A2B550DACE}.Debug|x64.ActiveCfg = Debug|x64
		{54F83F37-548D-4DE1-9AEE-D0A2B550DACE}.Debug|x64.Build.0 = Debug|x64
		{54F83F37-548D-4DE1-9AEE-D0A2B550DACE}.Debug|x86.ActiveCfg = Debug|Win32
		{54F83F37-548D-4DE1-9AEE-D0A2B550DACE}.Debug|x86.Build.0 = Debug|Win32
		{54F83F37-548D-4DE1-9AEE-D0A2B550DACE}.Release|x64.ActiveCfg = Release|x64
		{54F83F37-548D-4DE1-9AEE-D0A2B550DACE}.Release|x64.Build.0 = Release|x64
		{54F83F37-548D-4DE1-9AEE-D0A2B550DACE}.Release|x86.ActiveCfg = Release|Win32
		{54F83F37-548D-4DE1-9AEE-D0A2B550DACE}.Release|x86.Build.0 = Release|Win32
		{475711A0-C770-4AD1-9794-73EA3C2E4284}.Debug|x64.ActiveCfg = Debug|x64
		{475711A0-C770-4AD1-9794-73EA3C2E4284}.Debug|x64.Build.0 = Debug|x64
		{475711A0-C770-4AD1-9794-73EA3C2E4284}.Debug|x86.ActiveCfg = Debug|Win32
		{475711A0-C770-4AD1-9794-73EA3C2E4284}.Debug|x86.Build.0 = Debug|Win32
		{475711A0-C770-4AD1-9794-73EA3C2E4284}.Release|x64.ActiveCfg = Release|x64
		{475711A0-C770-4AD1-9794-73EA3C2E4284}.Release|x64.Build.0 = Release|x64
		{475711A0-C770-4AD1-9794-73EA3C2E4284}.Release|x86.ActiveCfg = Release|Win32
		{475711A0-C770-4AD1-9794-73EA3C2E4284}.Release|x86.Build.0 = Release|Win32
		{120A1388-8C5F-4C6B-912B-22316B78B509}.Debug|x64.ActiveCfg = Debug|x64
		{120A1388-8C5F-4C6B-912B-22316B78B509}.Debug|x64.Build.0 = Debug|x64
		{120A1388-8C5F-4C6B-912B-22316B78B509}.Debug|x86.ActiveCfg = Debug|Win32
		{120A1388-8C5F-4C6B-912B-22316B78B509}.Debug|x86.Build.0 = Debug|Win32
		{120A1388-8C5F-4C6B-912B-22316B78B509}.Release|x64.ActiveCfg = Release|x64
		{120A1388-8C5F-4C6B-912B-22316B78B509}.Release|x64.Build.0 = Release|x64
		{120A1388-8C5F-4C6B-912B-22316B78B509}.Release|x86.ActiveCfg = Release|Win32
		{120A1388-8C5F-4C6B-912B-22316B78B509}.Release|x86.Build.0 = Release|Win32
		{7BF43234-F1F4-4E3D-A92B-EF62D59EA857}.Debug|x64.ActiveCfg = Debug|x64
		{7BF43234-F1F4-4E3D-A92B-EF62D59EA857}.Debug|x64.Build.0 = Debug|x64
		{7BF43234-F1F4-4E3D-A92B-EF62D59EA857}.Debug|x86.ActiveCfg = Debug|Win32
		{7BF43234-F1F4-4E3D-A92B-EF62D59EA857}.Debug|x86.Build.0 = Debug|Win32
		{7BF43234-F1F4-4E3D-A92B-EF62D59EA857}.Release|x64.ActiveCfg = Release|x64
		{7BF43234-F1F4-4E3D-A92B-EF62D59EA857}.Release|x64.Build.0 = Release|x64
		{7BF43234-F1F4-4E3D-A92B-EF62D59EA857}.Release|x86.ActiveCfg = Release|Win32
		{7BF43234-F1F4-4E3D-A92B-EF62D59EA857}.Release|x86.Build.0 = Release|Win32
		{477D3889-A48D-4038-BBC3-8B50A9CF67AE}.Debug|x64.ActiveCfg = Debug|x64
		{477D3889-A48D-4038-BBC3-8B50A9CF67AE}.Debug|x64.Build.0 = Debug|x64
		{477D3889-A48D-4038-BBC3-8B50A9CF67AE}.Debug|x86.ActiveCfg = Debug|Win32
		{477D3889-A48D-4038-BBC3-8B50A9CF67AE}.Debug|x86.Build.0 = Debug|Win32
		{477D3889-A48D-4038-BBC3-8B50A9CF67AE}.Release|x64.ActiveCfg = Release|x64
		{477D3889-A48D-4038-BBC3-8B50A9CF67AE}.Release|x64.Build.0 = Release|x64
		{477D3889-A48D-4038-BBC3-8B50A9CF67AE}.Release|x86.ActiveCfg = Release|Win32
		{477D3889-A48D-4038-BBC3-8B50A9CF67AE}.Release|x86.Build.0 = Release|Win32
		{E4C592EC-25D9-4E60-B9C1-BA49CCC1ACAD}.Debug|x64.ActiveCfg = Debug|x64
		{E4C592EC-25D9-4E60-B9C1-BA49CCC1ACAD}.Debug|x64.Build.0 = Debug|x64
		{E4C592EC-25D9-4E60-B9C1-BA49CCC1ACAD}.Debug|x86.ActiveCfg = Debug|Win32
		{E4C592EC-25D9-4E60-B9C1-BA49CCC1ACAD}.Debug|x86.Build.0 = Debug|Win32
		{E4C592EC-25D9-4E60-B9C1-BA49CCC1ACAD}.Release|x64.ActiveCfg = Release|x64
		{E4C592EC-25D9-4E60-B9C1-BA49CCC1ACAD}.Release|x64.Build.0 = Release|x64
		{E4C592EC-25D9-4E60-B9C1-BA49CCC1ACAD}.Release|x86.ActiveCfg = Release|Win32
		{E4C592EC-25D9-4E60-B9C1-BA49CCC1ACAD}.Release|x86.Build.0 = Release|Win32
		{2D4E4DED-27E4-4CD4-BC5C-FC0CF6823BAD}.Debug|x64.ActiveCfg = Debug|x64
		{2D4E4DED-27E4-4CD4-BC5C-FC0CF6823BAD}.Debug|x64.Build.0 = Debug|x64
		{2D4E4DED-27E4-4CD4-BC5C-FC0CF6823BAD}.Debug|x86.ActiveCfg = Debug|Win32
		{2D4E4DED-27E4-4CD4-BC5C-FC0CF6823BAD}.Debug|x86.Build.0 = Debug|Win32
		{2D4E4DED-27E4-4CD4-BC5C-FC0CF6823BAD}.Release|x64.ActiveCfg = Release|x64
		{2D4E4DED-27E4-4CD4-BC5C-FC0CF6823BAD}.Release|x64.Build.0 = Release|x64
		{2D4E4DED-27E4-4CD4-BC5C-FC0CF6823BAD}.Release|x86.ActiveCfg = Release|Win32
		{2D4E4DED-27E4-4CD4-BC5C-FC0CF6823BAD}.Release|x86.Build.0 = Release|Win32
	EndGlobalSection
	GlobalSection(SolutionProperties) = preSolution
		HideSolutionNode = FALSE
	EndGlobalSection
	GlobalSection(ExtensibilityGlobals) = postSolution
		SolutionGuid = {B1414E86-01AB-4590-A9C1-1302C022AF53}
	EndGlobalSection
EndGlobal
